
Microsoft Visual Studio Solution File, Format Version 12.00
# Visual Studio Version 16
VisualStudioVersion = 16.0.32126.315
MinimumVisualStudioVersion = 10.0.40219.1
Project("{2150E333-8FDC-42A3-9474-1A3956D46DE8}") = "Src", "Src", "{1462BB2B-E63F-4A60-9F38-707760C703E3}"
EndProject
Project("{2150E333-8FDC-42A3-9474-1A3956D46DE8}") = "Business Layer", "Business Layer", "{903E510D-4F42-4B45-9AC0-FCD1CE2698BD}"
EndProject
Project("{2150E333-8FDC-42A3-9474-1A3956D46DE8}") = "Data Layer", "Data Layer", "{E51CE78F-CCF7-4C9C-8F38-953E9AE1F0C7}"
EndProject
Project("{2150E333-8FDC-42A3-9474-1A3956D46DE8}") = "Helper Layer", "Helper Layer", "{B2B987E6-170C-429E-9E57-C102B24FC329}"
EndProject
Project("{2150E333-8FDC-42A3-9474-1A3956D46DE8}") = "Domain Layer", "Domain Layer", "{43F7DD5A-9EE0-4F63-A0E6-3DF5E6BFF86C}"
EndProject
Project("{2150E333-8FDC-42A3-9474-1A3956D46DE8}") = "Presentation Layer", "Presentation Layer", "{131B0AA4-75AE-48EC-AD8C-33E08B25918D}"
EndProject
Project("{FAE04EC0-301F-11D3-BF4B-00C04F79EFBC}") = "CPT.ApplicationCore", "Src\Business Layer\Core\CPT.ApplicationCore\CPT.ApplicationCore.csproj", "{588C6671-3CBE-4F93-8FB0-0B9C61206A5F}"
EndProject
Project("{FAE04EC0-301F-11D3-BF4B-00C04F79EFBC}") = "CPT.Persistence", "Src\Data Layer\Persistence\CPT.Persistence\CPT.Persistence.csproj", "{042A4088-1671-4772-9408-AA8B87995F92}"
EndProject
Project("{FAE04EC0-301F-11D3-BF4B-00C04F79EFBC}") = "CPT.Domain", "Src\Domain Layer\Domain\CPT.Domain\CPT.Domain.csproj", "{29C30DE7-E744-424E-A26D-462EB37AB425}"
EndProject
Project("{FAE04EC0-301F-11D3-BF4B-00C04F79EFBC}") = "CPT.Helper", "Src\Helper Layer\Helper\CPT.Helper\CPT.Helper.csproj", "{59160DFB-2FC7-47D9-878E-0BBE6854F290}"
EndProject
Project("{FAE04EC0-301F-11D3-BF4B-00C04F79EFBC}") = "CPT.API", "Src\Presentation Layer\API\CPT.API\CPT.API.csproj", "{8ECE1F00-94CF-46DF-897E-7EF5055975CE}"
EndProject
Project("{2150E333-8FDC-42A3-9474-1A3956D46DE8}") = "Infrastructure Layer", "Infrastructure Layer", "{CE916860-3236-46EF-BFEE-0CCCF58ADD62}"
EndProject
Project("{FAE04EC0-301F-11D3-BF4B-00C04F79EFBC}") = "CPT.Infrastructure", "Src\Infrastructure Layer\Infrastructure\CPT.Infrastructure\CPT.Infrastructure.csproj", "{5A4B0178-D046-4637-8404-54851645C8A2}"
EndProject
Project("{2150E333-8FDC-42A3-9474-1A3956D46DE8}") = "Web", "Web", "{C4FE8195-1C01-4919-A746-908B6D31D817}"
EndProject
Project("{FAE04EC0-301F-11D3-BF4B-00C04F79EFBC}") = "CPT.WebApp", "Src\Presentation Layer\Web\WebApp\CPT.WebApp\CPT.WebApp.csproj", "{D0F86A9D-8C43-4BE3-AF63-74F3FAF52D84}"
EndProject
Global
	GlobalSection(SolutionConfigurationPlatforms) = preSolution
		Debug|Any CPU = Debug|Any CPU
		Release|Any CPU = Release|Any CPU
	EndGlobalSection
	GlobalSection(ProjectConfigurationPlatforms) = postSolution
		{588C6671-3CBE-4F93-8FB0-0B9C61206A5F}.Debug|Any CPU.ActiveCfg = Debug|Any CPU
		{588C6671-3CBE-4F93-8FB0-0B9C61206A5F}.Debug|Any CPU.Build.0 = Debug|Any CPU
		{588C6671-3CBE-4F93-8FB0-0B9C61206A5F}.Release|Any CPU.ActiveCfg = Release|Any CPU
		{588C6671-3CBE-4F93-8FB0-0B9C61206A5F}.Release|Any CPU.Build.0 = Release|Any CPU
		{042A4088-1671-4772-9408-AA8B87995F92}.Debug|Any CPU.ActiveCfg = Debug|Any CPU
		{042A4088-1671-4772-9408-AA8B87995F92}.Debug|Any CPU.Build.0 = Debug|Any CPU
		{042A4088-1671-4772-9408-AA8B87995F92}.Release|Any CPU.ActiveCfg = Release|Any CPU
		{042A4088-1671-4772-9408-AA8B87995F92}.Release|Any CPU.Build.0 = Release|Any CPU
		{29C30DE7-E744-424E-A26D-462EB37AB425}.Debug|Any CPU.ActiveCfg = Debug|Any CPU
		{29C30DE7-E744-424E-A26D-462EB37AB425}.Debug|Any CPU.Build.0 = Debug|Any CPU
		{29C30DE7-E744-424E-A26D-462EB37AB425}.Release|Any CPU.ActiveCfg = Release|Any CPU
		{29C30DE7-E744-424E-A26D-462EB37AB425}.Release|Any CPU.Build.0 = Release|Any CPU
		{59160DFB-2FC7-47D9-878E-0BBE6854F290}.Debug|Any CPU.ActiveCfg = Debug|Any CPU
		{59160DFB-2FC7-47D9-878E-0BBE6854F290}.Debug|Any CPU.Build.0 = Debug|Any CPU
		{59160DFB-2FC7-47D9-878E-0BBE6854F290}.Release|Any CPU.ActiveCfg = Release|Any CPU
		{59160DFB-2FC7-47D9-878E-0BBE6854F290}.Release|Any CPU.Build.0 = Release|Any CPU
		{8ECE1F00-94CF-46DF-897E-7EF5055975CE}.Debug|Any CPU.ActiveCfg = Debug|Any CPU
		{8ECE1F00-94CF-46DF-897E-7EF5055975CE}.Debug|Any CPU.Build.0 = Debug|Any CPU
		{8ECE1F00-94CF-46DF-897E-7EF5055975CE}.Release|Any CPU.ActiveCfg = Release|Any CPU
		{8ECE1F00-94CF-46DF-897E-7EF5055975CE}.Release|Any CPU.Build.0 = Release|Any CPU
		{5A4B0178-D046-4637-8404-54851645C8A2}.Debug|Any CPU.ActiveCfg = Debug|Any CPU
		{5A4B0178-D046-4637-8404-54851645C8A2}.Debug|Any CPU.Build.0 = Debug|Any CPU
		{5A4B0178-D046-4637-8404-54851645C8A2}.Release|Any CPU.ActiveCfg = Release|Any CPU
		{5A4B0178-D046-4637-8404-54851645C8A2}.Release|Any CPU.Build.0 = Release|Any CPU
		{D0F86A9D-8C43-4BE3-AF63-74F3FAF52D84}.Debug|Any CPU.ActiveCfg = Debug|Any CPU
		{D0F86A9D-8C43-4BE3-AF63-74F3FAF52D84}.Debug|Any CPU.Build.0 = Debug|Any CPU
		{D0F86A9D-8C43-4BE3-AF63-74F3FAF52D84}.Release|Any CPU.ActiveCfg = Release|Any CPU
		{D0F86A9D-8C43-4BE3-AF63-74F3FAF52D84}.Release|Any CPU.Build.0 = Release|Any CPU
	EndGlobalSection
	GlobalSection(SolutionProperties) = preSolution
		HideSolutionNode = FALSE
	EndGlobalSection
	GlobalSection(NestedProjects) = preSolution
		{903E510D-4F42-4B45-9AC0-FCD1CE2698BD} = {1462BB2B-E63F-4A60-9F38-707760C703E3}
		{E51CE78F-CCF7-4C9C-8F38-953E9AE1F0C7} = {1462BB2B-E63F-4A60-9F38-707760C703E3}
		{B2B987E6-170C-429E-9E57-C102B24FC329} = {1462BB2B-E63F-4A60-9F38-707760C703E3}
		{43F7DD5A-9EE0-4F63-A0E6-3DF5E6BFF86C} = {1462BB2B-E63F-4A60-9F38-707760C703E3}
		{131B0AA4-75AE-48EC-AD8C-33E08B25918D} = {1462BB2B-E63F-4A60-9F38-707760C703E3}
		{588C6671-3CBE-4F93-8FB0-0B9C61206A5F} = {903E510D-4F42-4B45-9AC0-FCD1CE2698BD}
		{042A4088-1671-4772-9408-AA8B87995F92} = {E51CE78F-CCF7-4C9C-8F38-953E9AE1F0C7}
		{29C30DE7-E744-424E-A26D-462EB37AB425} = {43F7DD5A-9EE0-4F63-A0E6-3DF5E6BFF86C}
		{59160DFB-2FC7-47D9-878E-0BBE6854F290} = {B2B987E6-170C-429E-9E57-C102B24FC329}
		{8ECE1F00-94CF-46DF-897E-7EF5055975CE} = {131B0AA4-75AE-48EC-AD8C-33E08B25918D}
		{CE916860-3236-46EF-BFEE-0CCCF58ADD62} = {1462BB2B-E63F-4A60-9F38-707760C703E3}
		{5A4B0178-D046-4637-8404-54851645C8A2} = {CE916860-3236-46EF-BFEE-0CCCF58ADD62}
		{C4FE8195-1C01-4919-A746-908B6D31D817} = {131B0AA4-75AE-48EC-AD8C-33E08B25918D}
		{D0F86A9D-8C43-4BE3-AF63-74F3FAF52D84} = {C4FE8195-1C01-4919-A746-908B6D31D817}
	EndGlobalSection
	GlobalSection(ExtensibilityGlobals) = postSolution
		SolutionGuid = {5213C1A6-B36D-4735-BB8C-C503120E4988}
	EndGlobalSection
EndGlobal
